
Microsoft Visual Studio Solution File, Format Version 12.00
# Visual Studio Version 17
VisualStudioVersion = 17.9.34728.123
MinimumVisualStudioVersion = 10.0.40219.1
Project("{2150E333-8FDC-42A3-9474-1A3956D46DE8}") = "Gateway", "Gateway", "{9D1BFED7-1998-4AF3-A2A8-59946AC43863}"
EndProject
Project("{2150E333-8FDC-42A3-9474-1A3956D46DE8}") = "Integration", "Integration", "{88E0C911-1B88-4EC6-96BF-DFF041E05DA6}"
EndProject
Project("{2150E333-8FDC-42A3-9474-1A3956D46DE8}") = "Services", "Services", "{A5F667D3-15D8-4F3A-B9AA-AB1A4A0AD2DA}"
EndProject
Project("{2150E333-8FDC-42A3-9474-1A3956D46DE8}") = "FrontEnd", "FrontEnd", "{7A2F7BB5-8533-4814-82BE-9A5A6C12973F}"
EndProject
Project("{9A19103F-16F7-4668-BE54-9A1E7A4F7556}") = "MotorcycleAPI", "Services\MotorcycleAPI\MotorcycleAPI.csproj", "{5335378B-1C77-4E35-90D9-EA1E11B894A5}"
EndProject
Project("{9A19103F-16F7-4668-BE54-9A1E7A4F7556}") = "MottuWeb", "MottuWeb\MottuWeb.csproj", "{4272AB57-FE1A-4DE9-8A52-E27D17AAAFAA}"
EndProject
Project("{9A19103F-16F7-4668-BE54-9A1E7A4F7556}") = "AuthAPI", "Services\AuthAPI\AuthAPI\AuthAPI.csproj", "{61C33472-D7A6-4703-BBE4-9E9330614C2C}"
EndProject
Project("{FAE04EC0-301F-11D3-BF4B-00C04F79EFBC}") = "LocationAPI", "Services\LocationAPI\LocationAPI.csproj", "{DE10EE18-AAF8-4A95-A109-FC30B6BB2F1F}"
EndProject
Global
	GlobalSection(SolutionConfigurationPlatforms) = preSolution
		Debug|Any CPU = Debug|Any CPU
		Release|Any CPU = Release|Any CPU
	EndGlobalSection
	GlobalSection(ProjectConfigurationPlatforms) = postSolution
		{5335378B-1C77-4E35-90D9-EA1E11B894A5}.Debug|Any CPU.ActiveCfg = Debug|Any CPU
		{5335378B-1C77-4E35-90D9-EA1E11B894A5}.Debug|Any CPU.Build.0 = Debug|Any CPU
		{5335378B-1C77-4E35-90D9-EA1E11B894A5}.Release|Any CPU.ActiveCfg = Release|Any CPU
		{5335378B-1C77-4E35-90D9-EA1E11B894A5}.Release|Any CPU.Build.0 = Release|Any CPU
		{4272AB57-FE1A-4DE9-8A52-E27D17AAAFAA}.Debug|Any CPU.ActiveCfg = Debug|Any CPU
		{4272AB57-FE1A-4DE9-8A52-E27D17AAAFAA}.Debug|Any CPU.Build.0 = Debug|Any CPU
		{4272AB57-FE1A-4DE9-8A52-E27D17AAAFAA}.Release|Any CPU.ActiveCfg = Release|Any CPU
		{4272AB57-FE1A-4DE9-8A52-E27D17AAAFAA}.Release|Any CPU.Build.0 = Release|Any CPU
		{61C33472-D7A6-4703-BBE4-9E9330614C2C}.Debug|Any CPU.ActiveCfg = Debug|Any CPU
		{61C33472-D7A6-4703-BBE4-9E9330614C2C}.Debug|Any CPU.Build.0 = Debug|Any CPU
		{61C33472-D7A6-4703-BBE4-9E9330614C2C}.Release|Any CPU.ActiveCfg = Release|Any CPU
		{61C33472-D7A6-4703-BBE4-9E9330614C2C}.Release|Any CPU.Build.0 = Release|Any CPU
		{DE10EE18-AAF8-4A95-A109-FC30B6BB2F1F}.Debug|Any CPU.ActiveCfg = Debug|Any CPU
		{DE10EE18-AAF8-4A95-A109-FC30B6BB2F1F}.Debug|Any CPU.Build.0 = Debug|Any CPU
		{DE10EE18-AAF8-4A95-A109-FC30B6BB2F1F}.Release|Any CPU.ActiveCfg = Release|Any CPU
		{DE10EE18-AAF8-4A95-A109-FC30B6BB2F1F}.Release|Any CPU.Build.0 = Release|Any CPU
	EndGlobalSection
	GlobalSection(SolutionProperties) = preSolution
		HideSolutionNode = FALSE
	EndGlobalSection
	GlobalSection(NestedProjects) = preSolution
		{5335378B-1C77-4E35-90D9-EA1E11B894A5} = {A5F667D3-15D8-4F3A-B9AA-AB1A4A0AD2DA}
		{4272AB57-FE1A-4DE9-8A52-E27D17AAAFAA} = {7A2F7BB5-8533-4814-82BE-9A5A6C12973F}
		{61C33472-D7A6-4703-BBE4-9E9330614C2C} = {A5F667D3-15D8-4F3A-B9AA-AB1A4A0AD2DA}
		{DE10EE18-AAF8-4A95-A109-FC30B6BB2F1F} = {A5F667D3-15D8-4F3A-B9AA-AB1A4A0AD2DA}
	EndGlobalSection
	GlobalSection(ExtensibilityGlobals) = postSolution
		SolutionGuid = {05265025-6F49-4A11-BB72-66B528BF01DC}
	EndGlobalSection
EndGlobal
